{"pid":7027,"startedAt":"2026-09-13T23:42:45.374274Z","instanceRoot":"/Users/cazzone/Repos/goobers-instance","version":"portal-v0.1.0-21-ga1b2ae99 (commit a1b2ae99, built 2026-09-10T19:06:55-07:00, go1.26.6 darwin/arm64)","livenessTimeoutMillis":120000,"behavior":{"watchConfig":true,"diagnostics":false,"drainTimeoutNanos":0,"skipPreflight":false,"disableReadModelReads":false},"holderKind":"daemon","holderPid":7027}
